{
  "meteor": {
    "git": "https://github.com/meteor/meteor.git",
    "branch": "devel",
    "commit": "d2b7b63c86e2b86a5f3e51cb3c0776c5474920ca"
  },
  "dependencies": {
    "basePackages": {
      "mini-pages": {},
      "observatory": {}
    },
    "packages": {
      "mini-pages": {
        "git": "https://github.com/cmather/meteor-mini-pages.git",
        "tag": "v0.3.0",
        "commit": "3de8b93dd4355ebbdcfaed7891350b349ee54815"
      },
      "observatory": {
        "git": "https://github.com/jhoxray/observatory.git",
        "tag": "v0.2.1",
        "commit": "3a3302c086fc9e9c59adf9dfc01e88d746f6c501"
      },
      "page-js": {
        "git": "https://github.com/tmeasday/meteor-page-js.git",
        "tag": "v1.3.5",
        "commit": "c652f795a86498aa4609ab637a694710421cb218"
      },
      "observatory-apollo": {
        "git": "https://github.com/superstringsoftware/observatory-apollo.git",
        "branch": "master",
        "commit": "b754bb265ef3df07a406f2b342a169e951e6caee"
      }
    }
  }
}
