{
  "meteor": {
    "git": "https://github.com/meteor/meteor.git",
    "branch": "devel",
    "commit": "ba34b2550bf4b73bb13e0ef79367ed18c79833c4"
  },
  "dependencies": {
    "basePackages": {
      "mini-pages": {},
      "observatory": {}
    },
    "packages": {
      "mini-pages": {
        "git": "https://github.com/cmather/meteor-mini-pages.git",
        "tag": "v0.3.2",
        "commit": "4d885ffb6d0108ee2e47a13a6296c98a2f7b5059"
      },
      "observatory": {
        "git": "https://github.com/jhoxray/observatory.git",
        "tag": "v0.2.7",
        "commit": "b0ea12507b628d4ab9e907615aae2636c1b15dd1"
      },
      "HTML5-History-API": {
        "git": "https://github.com/tmeasday/meteor-HTML5-History-API.git",
        "tag": "v4.0.0",
        "commit": "dc4965f1424cfca625ec3fbea17eace03f8e32c5"
      },
      "page-js-ie-support": {
        "git": "https://github.com/tmeasday/meteor-page-js-ie-support.git",
        "tag": "v1.3.5",
        "commit": "b99ed8380aefd10b2afc8f18d9eed4dd0d8ea9cb"
      },
      "observatory-apollo": {
        "git": "https://github.com/superstringsoftware/observatory-apollo.git",
        "branch": "master",
        "commit": "07874bedc8c5b902cd913bf61037e87f03b516c3"
      }
    }
  }
}
