{
  "meteor": {
    "git": "https://github.com/meteor/meteor.git",
    "branch": "devel",
    "commit": "9c53643113a986144a215f0fcafe4f89651ef25e"
  },
  "dependencies": {
    "basePackages": {
      "observatory": {
        "path": "../observatory"
      }
    },
    "packages": {
      "observatory": {
        "path": "../observatory"
      },
      "observatory-apollo": {
        "path": "../observatory-apollo"
      }
    }
  }
}
